
Microsoft Visual Studio Solution File, Format Version 12.00
# Visual Studio 2013
VisualStudioVersion = 12.0.30723.0
MinimumVisualStudioVersion = 10.0.40219.1
Project("{FAE04EC0-301F-11D3-BF4B-00C04F79EFBC}") = "twitchViewerList", "twitchViewerList\twitchViewerList.csproj", "{DBB72079-87BB-44D4-A39B-29E023D41382}"
EndProject
Project("{6141683F-8A12-4E36-9623-2EB02B2C2303}") = "Setup", "Setup\Setup.isproj", "{91DBBE0B-4E78-4A15-B9E2-C7C81FE5D33D}"
	ProjectSection(ProjectDependencies) = postProject
		{DBB72079-87BB-44D4-A39B-29E023D41382} = {DBB72079-87BB-44D4-A39B-29E023D41382}
	EndProjectSection
EndProject
Global
	GlobalSection(SolutionConfigurationPlatforms) = preSolution
		CD_ROM|Any CPU = CD_ROM|Any CPU
		Debug|Any CPU = Debug|Any CPU
		DVD-5|Any CPU = DVD-5|Any CPU
		Release|Any CPU = Release|Any CPU
		SingleImage|Any CPU = SingleImage|Any CPU
	EndGlobalSection
	GlobalSection(ProjectConfigurationPlatforms) = postSolution
		{DBB72079-87BB-44D4-A39B-29E023D41382}.CD_ROM|Any CPU.ActiveCfg = Release|Any CPU
		{DBB72079-87BB-44D4-A39B-29E023D41382}.CD_ROM|Any CPU.Build.0 = Release|Any CPU
		{DBB72079-87BB-44D4-A39B-29E023D41382}.Debug|Any CPU.ActiveCfg = Debug|Any CPU
		{DBB72079-87BB-44D4-A39B-29E023D41382}.Debug|Any CPU.Build.0 = Debug|Any CPU
		{DBB72079-87BB-44D4-A39B-29E023D41382}.DVD-5|Any CPU.ActiveCfg = Debug|Any CPU
		{DBB72079-87BB-44D4-A39B-29E023D41382}.DVD-5|Any CPU.Build.0 = Debug|Any CPU
		{DBB72079-87BB-44D4-A39B-29E023D41382}.Release|Any CPU.ActiveCfg = Release|Any CPU
		{DBB72079-87BB-44D4-A39B-29E023D41382}.Release|Any CPU.Build.0 = Release|Any CPU
		{DBB72079-87BB-44D4-A39B-29E023D41382}.SingleImage|Any CPU.ActiveCfg = Release|Any CPU
		{DBB72079-87BB-44D4-A39B-29E023D41382}.SingleImage|Any CPU.Build.0 = Release|Any CPU
		{91DBBE0B-4E78-4A15-B9E2-C7C81FE5D33D}.CD_ROM|Any CPU.ActiveCfg = CD_ROM
		{91DBBE0B-4E78-4A15-B9E2-C7C81FE5D33D}.CD_ROM|Any CPU.Build.0 = CD_ROM
		{91DBBE0B-4E78-4A15-B9E2-C7C81FE5D33D}.Debug|Any CPU.ActiveCfg = DVD-5
		{91DBBE0B-4E78-4A15-B9E2-C7C81FE5D33D}.Debug|Any CPU.Build.0 = DVD-5
		{91DBBE0B-4E78-4A15-B9E2-C7C81FE5D33D}.DVD-5|Any CPU.ActiveCfg = DVD-5
		{91DBBE0B-4E78-4A15-B9E2-C7C81FE5D33D}.DVD-5|Any CPU.Build.0 = DVD-5
		{91DBBE0B-4E78-4A15-B9E2-C7C81FE5D33D}.Release|Any CPU.ActiveCfg = SingleImage
		{91DBBE0B-4E78-4A15-B9E2-C7C81FE5D33D}.Release|Any CPU.Build.0 = SingleImage
		{91DBBE0B-4E78-4A15-B9E2-C7C81FE5D33D}.SingleImage|Any CPU.ActiveCfg = SingleImage
		{91DBBE0B-4E78-4A15-B9E2-C7C81FE5D33D}.SingleImage|Any CPU.Build.0 = SingleImage
	EndGlobalSection
	GlobalSection(SolutionProperties) = preSolution
		HideSolutionNode = FALSE
	EndGlobalSection
EndGlobal
